
Microsoft Visual Studio Solution File, Format Version 12.00
# Visual Studio 14
VisualStudioVersion = 14.0.25420.1
MinimumVisualStudioVersion = 10.0.40219.1
Project("{2150E333-8FDC-42A3-9474-1A3956D46DE8}") = "src", "src", "{354CB23C-1E35-40D8-9543-4B18EBE92200}"
EndProject
Project("{2150E333-8FDC-42A3-9474-1A3956D46DE8}") = "Solution Items", "Solution Items", "{5C05EB5E-28EB-47EC-BE8D-9CAD507F1FD7}"
	ProjectSection(SolutionItems) = preProject
		global.json = global.json
	EndProjectSection
EndProject
Project("{8BB2217D-0F2D-49D1-97BC-3654ED321F3B}") = "LanguageFeatures", "src\LanguageFeatures\LanguageFeatures.xproj", "{54BA763C-6DD8-493D-9A42-DD88C2866ECE}"
EndProject
Global
	GlobalSection(SolutionConfigurationPlatforms) = preSolution
		Debug|Any CPU = Debug|Any CPU
		Release|Any CPU = Release|Any CPU
	EndGlobalSection
	GlobalSection(ProjectConfigurationPlatforms) = postSolution
		{54BA763C-6DD8-493D-9A42-DD88C2866ECE}.Debug|Any CPU.ActiveCfg = Debug|Any CPU
		{54BA763C-6DD8-493D-9A42-DD88C2866ECE}.Debug|Any CPU.Build.0 = Debug|Any CPU
		{54BA763C-6DD8-493D-9A42-DD88C2866ECE}.Release|Any CPU.ActiveCfg = Release|Any CPU
		{54BA763C-6DD8-493D-9A42-DD88C2866ECE}.Release|Any CPU.Build.0 = Release|Any CPU
	EndGlobalSection
	GlobalSection(SolutionProperties) = preSolution
		HideSolutionNode = FALSE
	EndGlobalSection
	GlobalSection(NestedProjects) = preSolution
		{54BA763C-6DD8-493D-9A42-DD88C2866ECE} = {354CB23C-1E35-40D8-9543-4B18EBE92200}
	EndGlobalSection
EndGlobal
